
Microsoft Visual Studio Solution File, Format Version 12.00
# Visual Studio Version 16
VisualStudioVersion = 16.0.31410.357
MinimumVisualStudioVersion = 10.0.40219.1
Project("{9A19103F-16F7-4668-BE54-9A1E7A4F7556}") = "SuperHeroDB.Server", "SuperHeroDB\Server\SuperHeroDB.Server.csproj", "{C7EAB1AF-7CF8-4675-9EE3-5F36E78CC742}"
EndProject
Project("{9A19103F-16F7-4668-BE54-9A1E7A4F7556}") = "SuperHeroDB.Client", "SuperHeroDB\Client\SuperHeroDB.Client.csproj", "{7B024FE4-4EF3-40FC-9FC0-3C201F7BFE2E}"
EndProject
Project("{9A19103F-16F7-4668-BE54-9A1E7A4F7556}") = "SuperHeroDB.Shared", "SuperHeroDB\Shared\SuperHeroDB.Shared.csproj", "{382619A6-0351-4CC3-BC73-405B880341F3}"
EndProject
Global
	GlobalSection(SolutionConfigurationPlatforms) = preSolution
		Debug|Any CPU = Debug|Any CPU
		Release|Any CPU = Release|Any CPU
	EndGlobalSection
	GlobalSection(ProjectConfigurationPlatforms) = postSolution
		{C7EAB1AF-7CF8-4675-9EE3-5F36E78CC742}.Debug|Any CPU.ActiveCfg = Debug|Any CPU
		{C7EAB1AF-7CF8-4675-9EE3-5F36E78CC742}.Debug|Any CPU.Build.0 = Debug|Any CPU
		{C7EAB1AF-7CF8-4675-9EE3-5F36E78CC742}.Release|Any CPU.ActiveCfg = Release|Any CPU
		{C7EAB1AF-7CF8-4675-9EE3-5F36E78CC742}.Release|Any CPU.Build.0 = Release|Any CPU
		{7B024FE4-4EF3-40FC-9FC0-3C201F7BFE2E}.Debug|Any CPU.ActiveCfg = Debug|Any CPU
		{7B024FE4-4EF3-40FC-9FC0-3C201F7BFE2E}.Debug|Any CPU.Build.0 = Debug|Any CPU
		{7B024FE4-4EF3-40FC-9FC0-3C201F7BFE2E}.Release|Any CPU.ActiveCfg = Release|Any CPU
		{7B024FE4-4EF3-40FC-9FC0-3C201F7BFE2E}.Release|Any CPU.Build.0 = Release|Any CPU
		{382619A6-0351-4CC3-BC73-405B880341F3}.Debug|Any CPU.ActiveCfg = Debug|Any CPU
		{382619A6-0351-4CC3-BC73-405B880341F3}.Debug|Any CPU.Build.0 = Debug|Any CPU
		{382619A6-0351-4CC3-BC73-405B880341F3}.Release|Any CPU.ActiveCfg = Release|Any CPU
		{382619A6-0351-4CC3-BC73-405B880341F3}.Release|Any CPU.Build.0 = Release|Any CPU
	EndGlobalSection
	GlobalSection(SolutionProperties) = preSolution
		HideSolutionNode = FALSE
	EndGlobalSection
	GlobalSection(ExtensibilityGlobals) = postSolution
		SolutionGuid = {EEE8EA95-9A47-40CD-93EC-00EE1AAB2741}
	EndGlobalSection
EndGlobal
